Microsoft Visual Studio Solution File, Format Version 12.00
# Visual Studio Version 17
VisualStudioVersion = 17.5.33516.290
MinimumVisualStudioVersion = 10.0.40219.1
Project("{8BC9CEB8-8B4A-11D0-8D11-00A0C91BC942}") = "canary", "canary.vcxproj", "{7AA6C5AC-C8C4-40EF-A0B3-3569B9819163}"
EndProject
Global
	GlobalSection(SolutionConfigurationPlatforms) = preSolution
		Debug|x64 = Debug|x64
		Release|x64 = Release|x64
	EndGlobalSection
	GlobalSection(ProjectConfigurationPlatforms) = postSolution
		{7AA6C5AC-C8C4-40EF-A0B3-3569B9819163}.Debug|x64.ActiveCfg = Debug|x64
		{7AA6C5AC-C8C4-40EF-A0B3-3569B9819163}.Debug|x64.Build.0 = Debug|x64
		{7AA6C5AC-C8C4-40EF-A0B3-3569B9819163}.Release|x64.ActiveCfg = Release|x64
		{7AA6C5AC-C8C4-40EF-A0B3-3569B9819163}.Release|x64.Build.0 = Release|x64
	EndGlobalSection
	GlobalSection(SolutionProperties) = preSolution
		HideSolutionNode = FALSE
	EndGlobalSection
	GlobalSection(ExtensibilityGlobals) = postSolution
		SolutionGuid = {08F44C02-0C57-4F71-BE7C-D5ECF6D19515}
	EndGlobalSection
EndGlobal
